
Microsoft Visual Studio Solution File, Format Version 12.00
# Visual Studio Version 16
VisualStudioVersion = 16.0.31515.178
MinimumVisualStudioVersion = 10.0.40219.1
Project("{FAE04EC0-301F-11D3-BF4B-00C04F79EFBC}") = "Edelstein.DevTools", "Edelstein.DevTools\Edelstein.DevTools.csproj", "{B9D32EFE-08BD-42F7-9A9B-FB5F2389651F}"
EndProject
Project("{FAE04EC0-301F-11D3-BF4B-00C04F79EFBC}") = "Edelstein.DevTools.TestConsole", "Edelstein.DevTools.Console\Edelstein.DevTools.TestConsole.csproj", "{32DB6427-94D7-461E-B98A-1467837611B6}"
EndProject
Global
	GlobalSection(SolutionConfigurationPlatforms) = preSolution
		Debug|Any CPU = Debug|Any CPU
		Release|Any CPU = Release|Any CPU
	EndGlobalSection
	GlobalSection(ProjectConfigurationPlatforms) = postSolution
		{B9D32EFE-08BD-42F7-9A9B-FB5F2389651F}.Debug|Any CPU.ActiveCfg = Debug|Any CPU
		{B9D32EFE-08BD-42F7-9A9B-FB5F2389651F}.Debug|Any CPU.Build.0 = Debug|Any CPU
		{B9D32EFE-08BD-42F7-9A9B-FB5F2389651F}.Release|Any CPU.ActiveCfg = Release|Any CPU
		{B9D32EFE-08BD-42F7-9A9B-FB5F2389651F}.Release|Any CPU.Build.0 = Release|Any CPU
		{32DB6427-94D7-461E-B98A-1467837611B6}.Debug|Any CPU.ActiveCfg = Debug|Any CPU
		{32DB6427-94D7-461E-B98A-1467837611B6}.Debug|Any CPU.Build.0 = Debug|Any CPU
		{32DB6427-94D7-461E-B98A-1467837611B6}.Release|Any CPU.ActiveCfg = Release|Any CPU
		{32DB6427-94D7-461E-B98A-1467837611B6}.Release|Any CPU.Build.0 = Release|Any CPU
	EndGlobalSection
	GlobalSection(SolutionProperties) = preSolution
		HideSolutionNode = FALSE
	EndGlobalSection
	GlobalSection(ExtensibilityGlobals) = postSolution
		SolutionGuid = {77CAE9C2-8895-4A70-9924-66E285257CDC}
	EndGlobalSection
EndGlobal
